
Microsoft Visual Studio Solution File, Format Version 12.00
# Visual Studio Version 16
VisualStudioVersion = 16.0.31605.320
MinimumVisualStudioVersion = 10.0.40219.1
Project("{FAE04EC0-301F-11D3-BF4B-00C04F79EFBC}") = "Git-Activity", "Git-Activity\Git-Activity.csproj", "{94F4905C-7B41-4BC7-A1F0-3B62A55EE6DD}"
EndProject
Global
	GlobalSection(SolutionConfigurationPlatforms) = preSolution
		Debug|Any CPU = Debug|Any CPU
		Release|Any CPU = Release|Any CPU
	EndGlobalSection
	GlobalSection(ProjectConfigurationPlatforms) = postSolution
		{94F4905C-7B41-4BC7-A1F0-3B62A55EE6DD}.Debug|Any CPU.ActiveCfg = Debug|Any CPU
		{94F4905C-7B41-4BC7-A1F0-3B62A55EE6DD}.Debug|Any CPU.Build.0 = Debug|Any CPU
		{94F4905C-7B41-4BC7-A1F0-3B62A55EE6DD}.Release|Any CPU.ActiveCfg = Release|Any CPU
		{94F4905C-7B41-4BC7-A1F0-3B62A55EE6DD}.Release|Any CPU.Build.0 = Release|Any CPU
	EndGlobalSection
	GlobalSection(SolutionProperties) = preSolution
		HideSolutionNode = FALSE
	EndGlobalSection
	GlobalSection(ExtensibilityGlobals) = postSolution
		SolutionGuid = {1C68D7DC-6D5A-41D1-A849-05B8CC0E43BB}
	EndGlobalSection
EndGlobal
